
Microsoft Visual Studio Solution File, Format Version 12.00
# Visual Studio 15
VisualStudioVersion = 15.0.28010.2036
MinimumVisualStudioVersion = 10.0.40219.1
Project("{FAE04EC0-301F-11D3-BF4B-00C04F79EFBC}") = "MyToDoList", "MyToDoList\MyToDoList.csproj", "{3BF38826-BBE1-4918-B70F-16458872A053}"
EndProject
Global
	GlobalSection(SolutionConfigurationPlatforms) = preSolution
		Debug|Any CPU = Debug|Any CPU
		Release|Any CPU = Release|Any CPU
	EndGlobalSection
	GlobalSection(ProjectConfigurationPlatforms) = postSolution
		{3BF38826-BBE1-4918-B70F-16458872A053}.Debug|Any CPU.ActiveCfg = Debug|Any CPU
		{3BF38826-BBE1-4918-B70F-16458872A053}.Debug|Any CPU.Build.0 = Debug|Any CPU
		{3BF38826-BBE1-4918-B70F-16458872A053}.Release|Any CPU.ActiveCfg = Release|Any CPU
		{3BF38826-BBE1-4918-B70F-16458872A053}.Release|Any CPU.Build.0 = Release|Any CPU
	EndGlobalSection
	GlobalSection(SolutionProperties) = preSolution
		HideSolutionNode = FALSE
	EndGlobalSection
	GlobalSection(ExtensibilityGlobals) = postSolution
		SolutionGuid = {E7486E0F-6E8D-46BB-8AAB-9B9F0C581C39}
	EndGlobalSection
EndGlobal
